PODS:
  - accept_share (0.0.1):
    - Flutter
  - AlipaySDK-iOS (15.7.9)
  - AMap3DMap-NO-IDFA (7.6.0):
    - AMapFoundation-NO-IDFA (~> 1.6.3)
  - amap_core_fluttify (0.0.1):
    - AMapFoundation-NO-IDFA (= 1.6.4)
    - Flutter
    - foundation_fluttify
  - amap_location_fluttify (0.0.1):
    - amap_core_fluttify
    - AMapLocation-NO-IDFA (= 2.6.7)
    - Flutter
    - foundation_fluttify
  - amap_map_fluttify (0.0.1):
    - AMap3DMap-NO-IDFA (= 7.6.0)
    - amap_core_fluttify
    - amap_location_fluttify
    - amap_search_fluttify
    - Flutter
    - foundation_fluttify
    - url_launcher
  - amap_search_fluttify (0.0.1):
    - amap_core_fluttify
    - AMapSearch-NO-IDFA (= 7.7.0)
    - Flutter
    - foundation_fluttify
  - AMapFoundation-NO-IDFA (1.6.4)
  - AMapLocation-NO-IDFA (2.6.7):
    - AMapFoundation-NO-IDFA (~> 1.6.4)
  - AMapSearch-NO-IDFA (7.7.0):
    - AMapFoundation-NO-IDFA (~> 1.6.4)
  - audio_session (0.0.1):
    - Flutter
  - buddy_push (0.0.1):
    - Flutter
  - city_pickers (0.0.1):
    - Flutter
  - core_location_fluttify (0.0.1):
    - Flutter
    - foundation_fluttify
  - device_info (0.0.1):
    - Flutter
  - devicelocale (0.0.1):
    - Flutter
  - easy_contact_picker (0.0.1):
    - Flutter
  - Flutter (1.0.0)
  - flutter_contact (0.0.1):
    - Flutter
  - flutter_inappwebview (0.0.1):
    - Flutter
  - flutter_native_timezone (0.0.1):
    - Flutter
  - flutter_plugin_record (0.0.1):
    - Flutter
  - flutter_sms (1.1.0):
    - Flutter
  - flutter_user_agent (1.2.2):
    - Flutter
  - flutter_video_compress (0.3.0):
    - Flutter
    - Regift
  - fluwx (0.0.1):
    - Flutter
    - WechatOpenSDK (= 1.8.7.1)
  - FMDB (2.7.5):
    - FMDB/standard (= 2.7.5)
  - FMDB/standard (2.7.5)
  - foundation_fluttify (0.0.1):
    - Flutter
  - get_ip (0.0.1):
    - Flutter
  - image_crop (0.0.1):
    - Flutter
  - image_gallery_saver (1.5.0):
    - Flutter
  - image_picker (0.0.1):
    - Flutter
  - just_audio (0.0.1):
    - Flutter
  - libphonenumber (0.0.1):
    - Flutter
    - libPhoneNumber-iOS
  - libPhoneNumber-iOS (0.9.15)
  - MTBBarcodeScanner (5.0.11)
  - native_screenshot (0.0.1):
    - Flutter
  - nineold (0.0.1):
    - Flutter
  - open_file (0.0.1):
    - Flutter
  - package_info (0.0.1):
    - Flutter
  - path_provider (0.0.1):
    - Flutter
  - "permission_handler (4.4.0+hotfix.4)":
    - Flutter
  - qr_code_scanner (0.2.0):
    - Flutter
    - MTBBarcodeScanner
  - Regift (1.6.0)
  - share (0.0.1):
    - Flutter
  - shared_preferences (0.0.1):
    - Flutter
  - sqflite (0.0.2):
    - Flutter
    - FMDB (>= 2.7.5)
  - tobias (0.0.1):
    - AlipaySDK-iOS (~> 15.7.9)
    - Flutter
  - url_launcher (0.0.1):
    - Flutter
  - video_player (0.0.1):
    - Flutter
  - webview_flutter (0.0.1):
    - Flutter
  - WechatOpenSDK (1.8.7.1)

DEPENDENCIES:
  - accept_share (from `.symlinks/plugins/accept_share/ios`)
  - amap_core_fluttify (from `.symlinks/plugins/amap_core_fluttify/ios`)
  - amap_location_fluttify (from `.symlinks/plugins/amap_location_fluttify/ios`)
  - amap_map_fluttify (from `.symlinks/plugins/amap_map_fluttify/ios`)
  - amap_search_fluttify (from `.symlinks/plugins/amap_search_fluttify/ios`)
  - audio_session (from `.symlinks/plugins/audio_session/ios`)
  - buddy_push (from `.symlinks/plugins/buddy_push/ios`)
  - city_pickers (from `.symlinks/plugins/city_pickers/ios`)
  - core_location_fluttify (from `.symlinks/plugins/core_location_fluttify/ios`)
  - device_info (from `.symlinks/plugins/device_info/ios`)
  - devicelocale (from `.symlinks/plugins/devicelocale/ios`)
  - easy_contact_picker (from `.symlinks/plugins/easy_contact_picker/ios`)
  - Flutter (from `Flutter`)
  - flutter_contact (from `.symlinks/plugins/flutter_contact/ios`)
  - flutter_inappwebview (from `.symlinks/plugins/flutter_inappwebview/ios`)
  - flutter_native_timezone (from `.symlinks/plugins/flutter_native_timezone/ios`)
  - flutter_plugin_record (from `.symlinks/plugins/flutter_plugin_record/ios`)
  - flutter_sms (from `.symlinks/plugins/flutter_sms/ios`)
  - flutter_user_agent (from `.symlinks/plugins/flutter_user_agent/ios`)
  - flutter_video_compress (from `.symlinks/plugins/flutter_video_compress/ios`)
  - fluwx (from `.symlinks/plugins/fluwx/ios`)
  - foundation_fluttify (from `.symlinks/plugins/foundation_fluttify/ios`)
  - get_ip (from `.symlinks/plugins/get_ip/ios`)
  - image_crop (from `.symlinks/plugins/image_crop/ios`)
  - image_gallery_saver (from `.symlinks/plugins/image_gallery_saver/ios`)
  - image_picker (from `.symlinks/plugins/image_picker/ios`)
  - just_audio (from `.symlinks/plugins/just_audio/ios`)
  - libphonenumber (from `.symlinks/plugins/libphonenumber/ios`)
  - native_screenshot (from `.symlinks/plugins/native_screenshot/ios`)
  - nineold (from `.symlinks/plugins/nineold/ios`)
  - open_file (from `.symlinks/plugins/open_file/ios`)
  - package_info (from `.symlinks/plugins/package_info/ios`)
  - path_provider (from `.symlinks/plugins/path_provider/ios`)
  - permission_handler (from `.symlinks/plugins/permission_handler/ios`)
  - qr_code_scanner (from `.symlinks/plugins/qr_code_scanner/ios`)
  - share (from `.symlinks/plugins/share/ios`)
  - shared_preferences (from `.symlinks/plugins/shared_preferences/ios`)
  - sqflite (from `.symlinks/plugins/sqflite/ios`)
  - tobias (from `.symlinks/plugins/tobias/ios`)
  - url_launcher (from `.symlinks/plugins/url_launcher/ios`)
  - video_player (from `.symlinks/plugins/video_player/ios`)
  - webview_flutter (from `.symlinks/plugins/webview_flutter/ios`)

SPEC REPOS:
  trunk:
    - AlipaySDK-iOS
    - AMap3DMap-NO-IDFA
    - AMapFoundation-NO-IDFA
    - AMapLocation-NO-IDFA
    - AMapSearch-NO-IDFA
    - FMDB
    - libPhoneNumber-iOS
    - MTBBarcodeScanner
    - Regift
    - WechatOpenSDK

EXTERNAL SOURCES:
  accept_share:
    :path: ".symlinks/plugins/accept_share/ios"
  amap_core_fluttify:
    :path: ".symlinks/plugins/amap_core_fluttify/ios"
  amap_location_fluttify:
    :path: ".symlinks/plugins/amap_location_fluttify/ios"
  amap_map_fluttify:
    :path: ".symlinks/plugins/amap_map_fluttify/ios"
  amap_search_fluttify:
    :path: ".symlinks/plugins/amap_search_fluttify/ios"
  audio_session:
    :path: ".symlinks/plugins/audio_session/ios"
  buddy_push:
    :path: ".symlinks/plugins/buddy_push/ios"
  city_pickers:
    :path: ".symlinks/plugins/city_pickers/ios"
  core_location_fluttify:
    :path: ".symlinks/plugins/core_location_fluttify/ios"
  device_info:
    :path: ".symlinks/plugins/device_info/ios"
  devicelocale:
    :path: ".symlinks/plugins/devicelocale/ios"
  easy_contact_picker:
    :path: ".symlinks/plugins/easy_contact_picker/ios"
  Flutter:
    :path: Flutter
  flutter_contact:
    :path: ".symlinks/plugins/flutter_contact/ios"
  flutter_inappwebview:
    :path: ".symlinks/plugins/flutter_inappwebview/ios"
  flutter_native_timezone:
    :path: ".symlinks/plugins/flutter_native_timezone/ios"
  flutter_plugin_record:
    :path: ".symlinks/plugins/flutter_plugin_record/ios"
  flutter_sms:
    :path: ".symlinks/plugins/flutter_sms/ios"
  flutter_user_agent:
    :path: ".symlinks/plugins/flutter_user_agent/ios"
  flutter_video_compress:
    :path: ".symlinks/plugins/flutter_video_compress/ios"
  fluwx:
    :path: ".symlinks/plugins/fluwx/ios"
  foundation_fluttify:
    :path: ".symlinks/plugins/foundation_fluttify/ios"
  get_ip:
    :path: ".symlinks/plugins/get_ip/ios"
  image_crop:
    :path: ".symlinks/plugins/image_crop/ios"
  image_gallery_saver:
    :path: ".symlinks/plugins/image_gallery_saver/ios"
  image_picker:
    :path: ".symlinks/plugins/image_picker/ios"
  just_audio:
    :path: ".symlinks/plugins/just_audio/ios"
  libphonenumber:
    :path: ".symlinks/plugins/libphonenumber/ios"
  native_screenshot:
    :path: ".symlinks/plugins/native_screenshot/ios"
  nineold:
    :path: ".symlinks/plugins/nineold/ios"
  open_file:
    :path: ".symlinks/plugins/open_file/ios"
  package_info:
    :path: ".symlinks/plugins/package_info/ios"
  path_provider:
    :path: ".symlinks/plugins/path_provider/ios"
  permission_handler:
    :path: ".symlinks/plugins/permission_handler/ios"
  qr_code_scanner:
    :path: ".symlinks/plugins/qr_code_scanner/ios"
  share:
    :path: ".symlinks/plugins/share/ios"
  shared_preferences:
    :path: ".symlinks/plugins/shared_preferences/ios"
  sqflite:
    :path: ".symlinks/plugins/sqflite/ios"
  tobias:
    :path: ".symlinks/plugins/tobias/ios"
  url_launcher:
    :path: ".symlinks/plugins/url_launcher/ios"
  video_player:
    :path: ".symlinks/plugins/video_player/ios"
  webview_flutter:
    :path: ".symlinks/plugins/webview_flutter/ios"

SPEC CHECKSUMS:
  accept_share: d8473687b4217ed95022ae0bfb5f71d16fd1eb16
  AlipaySDK-iOS: 94ff4c0e17c5e7d126b8207596d5033006534c25
  AMap3DMap-NO-IDFA: 5e5b483ef230d1bed6c8d989d36254a66c67a6fc
  amap_core_fluttify: 9e5af179f8151193fa1c9a420bcbcbf2701f648c
  amap_location_fluttify: baa3007e3f215456ab2ea2f4ccccf5bc1a9a164b
  amap_map_fluttify: 6b64256d6ccea7813e1b6423fcf7b5ef10d3c984
  amap_search_fluttify: 874f1e9cf85df4fb95547d07df54d1c5d6b9c1d2
  AMapFoundation-NO-IDFA: 68a24362b110b8e0a3677605d0fd36bdf521f2bb
  AMapLocation-NO-IDFA: 2a3edfee336b38481b892e1ecc85df0f6b365851
  AMapSearch-NO-IDFA: 061479dd567486fb59bf3d01b1076c81d910f1b6
  audio_session: 4f3e461722055d21515cf3261b64c973c062f345
  buddy_push: 226253d04906e8eec3e154bd54df153d34126af2
  city_pickers: b0370f4c35c201723b5b7fcce10ec29b59d5bc35
  core_location_fluttify: 9466a411ea7d22c6349c7e6a767ae4623f01eb1d
  device_info: d7d233b645a32c40dfdc212de5cf646ca482f175
  devicelocale: feebbe5e7a30adb8c4f83185de1b50ff19b44f00
  easy_contact_picker: 9ab9dc70e8ddde6e76a19ffc482d7bf899868730
  Flutter: 0e3d915762c693b495b44d77113d4970485de6ec
  flutter_contact: d83afd11b19da4d0e7df41b254c84fbb88ef0616
  flutter_inappwebview: 69dfbac46157b336ffbec19ca6dfd4638c7bf189
  flutter_native_timezone: e72ff1900460ff57cfd331d1758050c9269f3e99
  flutter_plugin_record: 562ded56f3a109d769e72c3ef52ef20d835493d4
  flutter_sms: 91ce41530f55c85d6524d82307a5d555844c086a
  flutter_user_agent: 27c45d034dc31b80948d29998cea52cd3a7bf936
  flutter_video_compress: 641fd3e03d970d79176a59d91d7a4392923710b0
  fluwx: 07a55ed66bf3a4961e836a2a411b02dcada32902
  FMDB: 2ce00b547f966261cd18927a3ddb07cb6f3db82a
  foundation_fluttify: 0c45145e3fad1fb99188e4979daed5b24cd9b278
  get_ip: c063133e0a399ae4089048c90d6a232cb2344846
  image_crop: e0a67085d3ebf3cf46ca46d61c53a082507b0bc3
  image_gallery_saver: 259eab68fb271cfd57d599904f7acdc7832e7ef2
  image_picker: 9c3312491f862b28d21ecd8fdf0ee14e601b3f09
  just_audio: baa7252489dbcf47a4c7cc9ca663e9661c99aafa
  libphonenumber: bd14d5abfc5939ab0b0767234e2d8e2593af258e
  libPhoneNumber-iOS: 0a32a9525cf8744fe02c5206eb30d571e38f7d75
  MTBBarcodeScanner: f453b33c4b7dfe545d8c6484ed744d55671788cb
  native_screenshot: 70900984bca8d5f42acf68611b8214b32a9f0deb
  nineold: d0d68a3226a2b819ab0c25617ec667fec71797dd
  open_file: c99dbf763133424083d9be8d989d36ba8aeffdf2
  package_info: 873975fc26034f0b863a300ad47e7f1ac6c7ec62
  path_provider: abfe2b5c733d04e238b0d8691db0cfd63a27a93c
  permission_handler: 8278954f2382902f63f00dd8828769c0bd6d511b
  qr_code_scanner: bb67d64904c3b9658ada8c402e8b4d406d5d796e
  Regift: a7c1a7e377c60bfc34301d6f532e099e5ae109a8
  share: 0b2c3e82132f5888bccca3351c504d0003b3b410
  shared_preferences: af6bfa751691cdc24be3045c43ec037377ada40d
  sqflite: 6d358c025f5b867b29ed92fc697fd34924e11904
  tobias: 6872e2198dc30e17c10513b9ee114e28d099bc70
  url_launcher: 6fef411d543ceb26efce54b05a0a40bfd74cbbef
  video_player: 9cc823b1d9da7e8427ee591e8438bfbcde500e6e
  webview_flutter: d2b4d6c66968ad042ad94cbb791f5b72b4678a96
  WechatOpenSDK: 6a4d1436c15b3b5fe2a0bd383f3046010186da44

PODFILE CHECKSUM: d5d25356ad7ec2f150e03bf9433c04e2f1b675b1

COCOAPODS: 1.8.3
